{
  "name": "akko",
  "version": "1.0.0",
  "lockfileVersion": 1,
  "requires": true,
  "dependencies": {
    "akkajs": {
      "version": "1.0.1",
      "resolved": "https://registry.npmjs.org/akkajs/-/akkajs-1.0.1.tgz",
      "integrity": "sha512-9Q6Hdx5Sxj/aHpjuNhYun2MDeyL1D8sb6JeUPpzNEErmt1CbHIFHzMSsi+v2UgT6xPsFO6WEgdWVoQE207x+ew=="
    }
  }
}
