{
  "name": "akko-js",
  "version": "1.1.0",
  "lockfileVersion": 1,
  "requires": true,
  "dependencies": {
    "actor": {
      "version": "0.0.2",
      "resolved": "https://registry.npmjs.org/actor/-/actor-0.0.2.tgz",
      "integrity": "sha1-vxZIUyk17LC0hFkbpuUAzM2OVzk=",
      "requires": {
        "light-traits": ">=0.0.6",
        "q": ">=0.1.0",
        "test": ">=0.0.10"
      }
    },
    "akkajs": {
      "version": "1.0.1",
      "resolved": "https://registry.npmjs.org/akkajs/-/akkajs-1.0.1.tgz",
      "integrity": "sha512-9Q6Hdx5Sxj/aHpjuNhYun2MDeyL1D8sb6JeUPpzNEErmt1CbHIFHzMSsi+v2UgT6xPsFO6WEgdWVoQE207x+ew=="
    },
    "ansi-font": {
      "version": "0.0.2",
      "resolved": "https://registry.npmjs.org/ansi-font/-/ansi-font-0.0.2.tgz",
      "integrity": "sha1-iQMBvVhBRi/TnAt3Ca/R9SUUMzE="
    },
    "geteventlisteners": {
      "version": "1.1.0",
      "resolved": "https://registry.npmjs.org/geteventlisteners/-/geteventlisteners-1.1.0.tgz",
      "integrity": "sha512-judp11L1Q2EBuigkDyiOJuqJ6vrTvRjrYlGv8MLq92Y7+ZAQ43MpdAshNourAy8fkBBsMuYF037WvOMSxaz6Eg=="
    },
    "inline-web-worker": {
      "version": "1.1.0",
      "resolved": "https://registry.npmjs.org/inline-web-worker/-/inline-web-worker-1.1.0.tgz",
      "integrity": "sha1-juoFS0HBQk75ZKB/KOohTKT+gnw="
    },
    "light-traits": {
      "version": "0.2.0",
      "resolved": "https://registry.npmjs.org/light-traits/-/light-traits-0.2.0.tgz",
      "integrity": "sha1-BmrS0MkIuypoekpWpopOGRoNDJo="
    },
    "q": {
      "version": "1.5.1",
      "resolved": "https://registry.npmjs.org/q/-/q-1.5.1.tgz",
      "integrity": "sha1-fjL3W0E4EpHQRhHxvxQQmsAGUdc="
    },
    "test": {
      "version": "0.6.0",
      "resolved": "https://registry.npmjs.org/test/-/test-0.6.0.tgz",
      "integrity": "sha1-WYasRF7Bd1QyJRLRBLoyyKY+k44=",
      "requires": {
        "ansi-font": "0.0.2"
      }
    }
  }
}
