{
  "name": "akko-js",
  "version": "1.0.0",
  "lockfileVersion": 1,
  "requires": true,
  "dependencies": {
    "akkajs": {
      "version": "1.0.1",
      "resolved": "https://registry.npmjs.org/akkajs/-/akkajs-1.0.1.tgz",
      "integrity": "sha512-9Q6Hdx5Sxj/aHpjuNhYun2MDeyL1D8sb6JeUPpzNEErmt1CbHIFHzMSsi+v2UgT6xPsFO6WEgdWVoQE207x+ew=="
    },
    "geteventlisteners": {
      "version": "1.1.0",
      "resolved": "https://registry.npmjs.org/geteventlisteners/-/geteventlisteners-1.1.0.tgz",
      "integrity": "sha512-judp11L1Q2EBuigkDyiOJuqJ6vrTvRjrYlGv8MLq92Y7+ZAQ43MpdAshNourAy8fkBBsMuYF037WvOMSxaz6Eg=="
    },
    "inline-web-worker": {
      "version": "1.1.0",
      "resolved": "https://registry.npmjs.org/inline-web-worker/-/inline-web-worker-1.1.0.tgz",
      "integrity": "sha1-juoFS0HBQk75ZKB/KOohTKT+gnw="
    }
  }
}
